
Microsoft Visual Studio Solution File, Format Version 12.00
# Visual Studio Version 16
VisualStudioVersion = 16.0.29326.143
MinimumVisualStudioVersion = 10.0.40219.1
Project("{FAE04EC0-301F-11D3-BF4B-00C04F79EFBC}") = "HomeImprovement3.0", "HomeImprovement3.0.csproj", "{99168CB0-05C5-43AB-B21F-BF67F18CD45C}"
EndProject
Global
	GlobalSection(SolutionConfigurationPlatforms) = preSolution
		Debug|Any CPU = Debug|Any CPU
		Release|Any CPU = Release|Any CPU
	EndGlobalSection
	GlobalSection(ProjectConfigurationPlatforms) = postSolution
		{99168CB0-05C5-43AB-B21F-BF67F18CD45C}.Debug|Any CPU.ActiveCfg = Debug|Any CPU
		{99168CB0-05C5-43AB-B21F-BF67F18CD45C}.Debug|Any CPU.Build.0 = Debug|Any CPU
		{99168CB0-05C5-43AB-B21F-BF67F18CD45C}.Release|Any CPU.ActiveCfg = Release|Any CPU
		{99168CB0-05C5-43AB-B21F-BF67F18CD45C}.Release|Any CPU.Build.0 = Release|Any CPU
	EndGlobalSection
	GlobalSection(SolutionProperties) = preSolution
		HideSolutionNode = FALSE
	EndGlobalSection
	GlobalSection(ExtensibilityGlobals) = postSolution
		SolutionGuid = {574DAB2A-793E-4157-AA61-7F3D74DC7814}
	EndGlobalSection
EndGlobal
